
Microsoft Visual Studio Solution File, Format Version 12.00
# Visual Studio Version 17
VisualStudioVersion = 17.4.33213.308
MinimumVisualStudioVersion = 10.0.40219.1
Project("{FAE04EC0-301F-11D3-BF4B-00C04F79EFBC}") = "API", "API\API.csproj", "{CE283939-344F-4B75-95AE-5D5B32998301}"
EndProject
Project("{FAE04EC0-301F-11D3-BF4B-00C04F79EFBC}") = "Common", "Common\Common.csproj", "{EC926B5B-215A-420A-B309-316B93543ABE}"
EndProject
Project("{FAE04EC0-301F-11D3-BF4B-00C04F79EFBC}") = "DataAccess", "DataAccess\DataAccess.csproj", "{E2072281-55B0-49D9-BF2B-B9E85E41944C}"
EndProject
Project("{FAE04EC0-301F-11D3-BF4B-00C04F79EFBC}") = "Business", "Business\Business.csproj", "{0FEED58A-EE6F-4E93-94EF-E4F81CB81F85}"
EndProject
Project("{FAE04EC0-301F-11D3-BF4B-00C04F79EFBC}") = "CrossCutting.IoC", "CrossCutting.IoC\CrossCutting.IoC.csproj", "{7493872F-9360-46DC-B159-71CAC82B504F}"
EndProject
Global
	GlobalSection(SolutionConfigurationPlatforms) = preSolution
		Debug|Any CPU = Debug|Any CPU
		Release|Any CPU = Release|Any CPU
	EndGlobalSection
	GlobalSection(ProjectConfigurationPlatforms) = postSolution
		{CE283939-344F-4B75-95AE-5D5B32998301}.Debug|Any CPU.ActiveCfg = Debug|Any CPU
		{CE283939-344F-4B75-95AE-5D5B32998301}.Debug|Any CPU.Build.0 = Debug|Any CPU
		{CE283939-344F-4B75-95AE-5D5B32998301}.Release|Any CPU.ActiveCfg = Release|Any CPU
		{CE283939-344F-4B75-95AE-5D5B32998301}.Release|Any CPU.Build.0 = Release|Any CPU
		{EC926B5B-215A-420A-B309-316B93543ABE}.Debug|Any CPU.ActiveCfg = Debug|Any CPU
		{EC926B5B-215A-420A-B309-316B93543ABE}.Debug|Any CPU.Build.0 = Debug|Any CPU
		{EC926B5B-215A-420A-B309-316B93543ABE}.Release|Any CPU.ActiveCfg = Release|Any CPU
		{EC926B5B-215A-420A-B309-316B93543ABE}.Release|Any CPU.Build.0 = Release|Any CPU
		{E2072281-55B0-49D9-BF2B-B9E85E41944C}.Debug|Any CPU.ActiveCfg = Debug|Any CPU
		{E2072281-55B0-49D9-BF2B-B9E85E41944C}.Debug|Any CPU.Build.0 = Debug|Any CPU
		{E2072281-55B0-49D9-BF2B-B9E85E41944C}.Release|Any CPU.ActiveCfg = Release|Any CPU
		{E2072281-55B0-49D9-BF2B-B9E85E41944C}.Release|Any CPU.Build.0 = Release|Any CPU
		{0FEED58A-EE6F-4E93-94EF-E4F81CB81F85}.Debug|Any CPU.ActiveCfg = Debug|Any CPU
		{0FEED58A-EE6F-4E93-94EF-E4F81CB81F85}.Debug|Any CPU.Build.0 = Debug|Any CPU
		{0FEED58A-EE6F-4E93-94EF-E4F81CB81F85}.Release|Any CPU.ActiveCfg = Release|Any CPU
		{0FEED58A-EE6F-4E93-94EF-E4F81CB81F85}.Release|Any CPU.Build.0 = Release|Any CPU
		{7493872F-9360-46DC-B159-71CAC82B504F}.Debug|Any CPU.ActiveCfg = Debug|Any CPU
		{7493872F-9360-46DC-B159-71CAC82B504F}.Debug|Any CPU.Build.0 = Debug|Any CPU
		{7493872F-9360-46DC-B159-71CAC82B504F}.Release|Any CPU.ActiveCfg = Release|Any CPU
		{7493872F-9360-46DC-B159-71CAC82B504F}.Release|Any CPU.Build.0 = Release|Any CPU
	EndGlobalSection
	GlobalSection(SolutionProperties) = preSolution
		HideSolutionNode = FALSE
	EndGlobalSection
	GlobalSection(ExtensibilityGlobals) = postSolution
		SolutionGuid = {BDFF691B-FC01-406D-87EC-B964F66C256C}
	EndGlobalSection
EndGlobal
